{
    "_meta": {
        "hash": {
            "sha256": "f47cd1a213cbc35da0975bb353eb9b05f20b97776cc262735b32d04a4f845f51"
        },
        "pipfile-spec": 6,
        "requires": {
            "python_version": "3.6"
        },
        "sources": [
            {
                "name": "pypi",
                "url": "https://pypi.org/simple",
                "verify_ssl": true
            }
        ]
    },
    "default": {
        "setasc": {
            "editable": true,
            "path": "."
        }
    },
    "develop": {}
}
